
Microsoft Visual Studio Solution File, Format Version 12.00
# Visual Studio Version 17
VisualStudioVersion = 17.7.34221.43
MinimumVisualStudioVersion = 10.0.40219.1
Project("{9A19103F-16F7-4668-BE54-9A1E7A4F7556}") = "MicroApi", "ContractsService\MicroApi.csproj", "{0F16FB4C-5A4C-4CAE-969D-C55B5F643412}"
EndProject
Project("{9A19103F-16F7-4668-BE54-9A1E7A4F7556}") = "AuthorizationService", "AuthorizationService\AuthorizationService.csproj", "{EDCBF6D2-9A69-43E8-BD08-0DD0A912B75A}"
EndProject
Project("{9A19103F-16F7-4668-BE54-9A1E7A4F7556}") = "YarpReversedProxy", "YarpReversedProxy\YarpReversedProxy.csproj", "{1E059760-F51B-4E76-BB86-574D4DED7010}"
EndProject
Project("{9A19103F-16F7-4668-BE54-9A1E7A4F7556}") = "Shared", "Shared\Shared.csproj", "{1896C1EA-3464-4705-89A7-FA0D6AEB63DA}"
EndProject
Project("{2150E333-8FDC-42A3-9474-1A3956D46DE8}") = "Solution Items", "Solution Items", "{0C5FF013-68E5-48DD-857C-EA8566555CAE}"
	ProjectSection(SolutionItems) = preProject
		.editorconfig = .editorconfig
	EndProjectSection
EndProject
Project("{9A19103F-16F7-4668-BE54-9A1E7A4F7556}") = "Contracts", "Contracts\Contracts.csproj", "{C01DA6D2-5D74-4FD2-8BA3-368E39E6C05D}"
EndProject
Project("{FAE04EC0-301F-11D3-BF4B-00C04F79EFBC}") = "OcelotGateway.Tests", "OcelotGateway.Tests\OcelotGateway.Tests.csproj", "{B8A02E13-493B-40FF-AB9B-BCDABD6A94E3}"
EndProject
Project("{9A19103F-16F7-4668-BE54-9A1E7A4F7556}") = "OcelotGateway", "OcelotGateway\OcelotGateway.csproj", "{9D622FD3-C347-4268-9C6A-0651D95D28D0}"
EndProject
Global
	GlobalSection(SolutionConfigurationPlatforms) = preSolution
		Debug|Any CPU = Debug|Any CPU
		Release|Any CPU = Release|Any CPU
	EndGlobalSection
	GlobalSection(ProjectConfigurationPlatforms) = postSolution
		{0F16FB4C-5A4C-4CAE-969D-C55B5F643412}.Debug|Any CPU.ActiveCfg = Debug|Any CPU
		{0F16FB4C-5A4C-4CAE-969D-C55B5F643412}.Debug|Any CPU.Build.0 = Debug|Any CPU
		{0F16FB4C-5A4C-4CAE-969D-C55B5F643412}.Release|Any CPU.ActiveCfg = Release|Any CPU
		{0F16FB4C-5A4C-4CAE-969D-C55B5F643412}.Release|Any CPU.Build.0 = Release|Any CPU
		{EDCBF6D2-9A69-43E8-BD08-0DD0A912B75A}.Debug|Any CPU.ActiveCfg = Debug|Any CPU
		{EDCBF6D2-9A69-43E8-BD08-0DD0A912B75A}.Debug|Any CPU.Build.0 = Debug|Any CPU
		{EDCBF6D2-9A69-43E8-BD08-0DD0A912B75A}.Release|Any CPU.ActiveCfg = Release|Any CPU
		{EDCBF6D2-9A69-43E8-BD08-0DD0A912B75A}.Release|Any CPU.Build.0 = Release|Any CPU
		{1E059760-F51B-4E76-BB86-574D4DED7010}.Debug|Any CPU.ActiveCfg = Debug|Any CPU
		{1E059760-F51B-4E76-BB86-574D4DED7010}.Debug|Any CPU.Build.0 = Debug|Any CPU
		{1E059760-F51B-4E76-BB86-574D4DED7010}.Release|Any CPU.ActiveCfg = Release|Any CPU
		{1E059760-F51B-4E76-BB86-574D4DED7010}.Release|Any CPU.Build.0 = Release|Any CPU
		{1896C1EA-3464-4705-89A7-FA0D6AEB63DA}.Debug|Any CPU.ActiveCfg = Debug|Any CPU
		{1896C1EA-3464-4705-89A7-FA0D6AEB63DA}.Debug|Any CPU.Build.0 = Debug|Any CPU
		{1896C1EA-3464-4705-89A7-FA0D6AEB63DA}.Release|Any CPU.ActiveCfg = Release|Any CPU
		{1896C1EA-3464-4705-89A7-FA0D6AEB63DA}.Release|Any CPU.Build.0 = Release|Any CPU
		{C01DA6D2-5D74-4FD2-8BA3-368E39E6C05D}.Debug|Any CPU.ActiveCfg = Debug|Any CPU
		{C01DA6D2-5D74-4FD2-8BA3-368E39E6C05D}.Debug|Any CPU.Build.0 = Debug|Any CPU
		{C01DA6D2-5D74-4FD2-8BA3-368E39E6C05D}.Release|Any CPU.ActiveCfg = Release|Any CPU
		{C01DA6D2-5D74-4FD2-8BA3-368E39E6C05D}.Release|Any CPU.Build.0 = Release|Any CPU
		{B8A02E13-493B-40FF-AB9B-BCDABD6A94E3}.Debug|Any CPU.ActiveCfg = Debug|Any CPU
		{B8A02E13-493B-40FF-AB9B-BCDABD6A94E3}.Debug|Any CPU.Build.0 = Debug|Any CPU
		{B8A02E13-493B-40FF-AB9B-BCDABD6A94E3}.Release|Any CPU.ActiveCfg = Release|Any CPU
		{B8A02E13-493B-40FF-AB9B-BCDABD6A94E3}.Release|Any CPU.Build.0 = Release|Any CPU
		{9D622FD3-C347-4268-9C6A-0651D95D28D0}.Debug|Any CPU.ActiveCfg = Debug|Any CPU
		{9D622FD3-C347-4268-9C6A-0651D95D28D0}.Debug|Any CPU.Build.0 = Debug|Any CPU
		{9D622FD3-C347-4268-9C6A-0651D95D28D0}.Release|Any CPU.ActiveCfg = Release|Any CPU
		{9D622FD3-C347-4268-9C6A-0651D95D28D0}.Release|Any CPU.Build.0 = Release|Any CPU
	EndGlobalSection
	GlobalSection(SolutionProperties) = preSolution
		HideSolutionNode = FALSE
	EndGlobalSection
	GlobalSection(ExtensibilityGlobals) = postSolution
		SolutionGuid = {EE35406A-E86C-4A2F-BA2F-C1CCBE36CFAB}
	EndGlobalSection
EndGlobal
